
Microsoft Visual Studio Solution File, Format Version 12.00
# Visual Studio Version 17
VisualStudioVersion = 17.3.32825.248
MinimumVisualStudioVersion = 10.0.40219.1
Project("{8BC9CEB8-8B4A-11D0-8D11-00A0C91BC942}") = "shapes_project", "shapes_project\shapes_project.vcxproj", "{F1454D23-C3EB-4E8C-B514-FAD6CBA7309B}"
EndProject
Global
	GlobalSection(SolutionConfigurationPlatforms) = preSolution
		Debug|x64 = Debug|x64
		Debug|x86 = Debug|x86
		Release|x64 = Release|x64
		Release|x86 = Release|x86
	EndGlobalSection
	GlobalSection(ProjectConfigurationPlatforms) = postSolution
		{F1454D23-C3EB-4E8C-B514-FAD6CBA7309B}.Debug|x64.ActiveCfg = Debug|x64
		{F1454D23-C3EB-4E8C-B514-FAD6CBA7309B}.Debug|x64.Build.0 = Debug|x64
		{F1454D23-C3EB-4E8C-B514-FAD6CBA7309B}.Debug|x86.ActiveCfg = Debug|Win32
		{F1454D23-C3EB-4E8C-B514-FAD6CBA7309B}.Debug|x86.Build.0 = Debug|Win32
		{F1454D23-C3EB-4E8C-B514-FAD6CBA7309B}.Release|x64.ActiveCfg = Release|x64
		{F1454D23-C3EB-4E8C-B514-FAD6CBA7309B}.Release|x64.Build.0 = Release|x64
		{F1454D23-C3EB-4E8C-B514-FAD6CBA7309B}.Release|x86.ActiveCfg = Release|Win32
		{F1454D23-C3EB-4E8C-B514-FAD6CBA7309B}.Release|x86.Build.0 = Release|Win32
	EndGlobalSection
	GlobalSection(SolutionProperties) = preSolution
		HideSolutionNode = FALSE
	EndGlobalSection
	GlobalSection(ExtensibilityGlobals) = postSolution
		SolutionGuid = {DE2221AD-79CF-45CF-8F50-811970911117}
	EndGlobalSection
EndGlobal
